{
  "version": 4,
  "terraform_version": "1.4.5",
  "serial": 13,
  "lineage": "af58f591-874f-5ec6-37c2-1200bd17a8fa",
  "outputs": {},
  "resources": [
    {
      "mode": "managed",
      "type": "google_compute_network",
      "name": "k8s-main",
      "provider": "provider[\"registry.terraform.io/hashicorp/google\"]",
      "instances": [
        {
          "schema_version": 0,
          "attributes": {
            "auto_create_subnetworks": false,
            "delete_default_routes_on_create": false,
            "description": "",
            "enable_ula_internal_ipv6": false,
            "gateway_ipv4": "",
            "id": "projects/lively-shelter-294615/global/networks/k8s-main",
            "internal_ipv6_range": "",
            "mtu": 1460,
            "name": "k8s-main",
            "project": "lively-shelter-294615",
            "routing_mode": "REGIONAL",
            "self_link": "https://www.googleapis.com/compute/v1/projects/lively-shelter-294615/global/networks/k8s-main",
            "timeouts": null
          },
          "sensitive_attributes": [],
          "private": "eyJlMmJmYjczMC1lY2FhLTExZTYtOGY4OC0zNDM2M2JjN2M0YzAiOnsiY3JlYXRlIjoxMjAwMDAwMDAwMDAwLCJkZWxldGUiOjEyMDAwMDAwMDAwMDAsInVwZGF0ZSI6MTIwMDAwMDAwMDAwMH19",
          "dependencies": [
            "google_project_service.compute",
            "google_project_service.container"
          ]
        }
      ]
    },
    {
      "mode": "managed",
      "type": "google_compute_subnetwork",
      "name": "private",
      "provider": "provider[\"registry.terraform.io/hashicorp/google\"]",
      "instances": [
        {
          "schema_version": 0,
          "attributes": {
            "creation_timestamp": "2023-04-24T23:16:56.881-07:00",
            "description": "",
            "external_ipv6_prefix": "",
            "fingerprint": null,
            "gateway_address": "10.0.0.1",
            "id": "projects/lively-shelter-294615/regions/europe-west8/subnetworks/private",
            "ip_cidr_range": "10.0.0.0/18",
            "ipv6_access_type": "",
            "ipv6_cidr_range": "",
            "log_config": [],
            "name": "private",
            "network": "https://www.googleapis.com/compute/v1/projects/lively-shelter-294615/global/networks/k8s-main",
            "private_ip_google_access": true,
            "private_ipv6_google_access": "DISABLE_GOOGLE_ACCESS",
            "project": "lively-shelter-294615",
            "purpose": "PRIVATE",
            "region": "europe-west8",
            "role": "",
            "secondary_ip_range": [
              {
                "ip_cidr_range": "10.48.0.0/14",
                "range_name": "k8s-pod-range"
              },
              {
                "ip_cidr_range": "10.52.0.0/20",
                "range_name": "k8s-svc-range"
              }
            ],
            "self_link": "https://www.googleapis.com/compute/v1/projects/lively-shelter-294615/regions/europe-west8/subnetworks/private",
            "stack_type": "IPV4_ONLY",
            "timeouts": null
          },
          "sensitive_attributes": [],
          "private": "eyJlMmJmYjczMC1lY2FhLTExZTYtOGY4OC0zNDM2M2JjN2M0YzAiOnsiY3JlYXRlIjoxMjAwMDAwMDAwMDAwLCJkZWxldGUiOjEyMDAwMDAwMDAwMDAsInVwZGF0ZSI6MTIwMDAwMDAwMDAwMH19",
          "dependencies": [
            "google_compute_network.k8s-main",
            "google_project_service.compute",
            "google_project_service.container"
          ]
        }
      ]
    },
    {
      "mode": "managed",
      "type": "google_container_cluster",
      "name": "primary",
      "provider": "provider[\"registry.terraform.io/hashicorp/google\"]",
      "instances": [
        {
          "schema_version": 1,
          "attributes": {
            "addons_config": [
              {
                "cloudrun_config": [],
                "config_connector_config": [],
                "dns_cache_config": [],
                "gce_persistent_disk_csi_driver_config": [
                  {
                    "enabled": true
                  }
                ],
                "gcp_filestore_csi_driver_config": [],
                "gke_backup_agent_config": [],
                "horizontal_pod_autoscaling": [
                  {
                    "disabled": false
                  }
                ],
                "http_load_balancing": [
                  {
                    "disabled": true
                  }
                ],
                "network_policy_config": [
                  {
                    "disabled": true
                  }
                ]
              }
            ],
            "authenticator_groups_config": [],
            "binary_authorization": [
              {
                "enabled": false,
                "evaluation_mode": ""
              }
            ],
            "cluster_autoscaling": [
              {
                "auto_provisioning_defaults": [],
                "enabled": false,
                "resource_limits": []
              }
            ],
            "cluster_ipv4_cidr": "10.48.0.0/14",
            "confidential_nodes": [],
            "cost_management_config": [],
            "database_encryption": [
              {
                "key_name": "",
                "state": "DECRYPTED"
              }
            ],
            "datapath_provider": "",
            "default_max_pods_per_node": 110,
            "default_snat_status": [
              {
                "disabled": false
              }
            ],
            "description": "",
            "dns_config": [],
            "enable_autopilot": false,
            "enable_binary_authorization": false,
            "enable_intranode_visibility": false,
            "enable_kubernetes_alpha": false,
            "enable_l4_ilb_subsetting": false,
            "enable_legacy_abac": false,
            "enable_shielded_nodes": true,
            "enable_tpu": false,
            "endpoint": "34.154.158.17",
            "gateway_api_config": [],
            "id": "projects/lively-shelter-294615/locations/europe-west8/clusters/primary",
            "initial_node_count": 1,
            "ip_allocation_policy": [
              {
                "cluster_ipv4_cidr_block": "10.48.0.0/14",
                "cluster_secondary_range_name": "k8s-pod-range",
                "services_ipv4_cidr_block": "10.52.0.0/20",
                "services_secondary_range_name": "k8s-svc-range"
              }
            ],
            "label_fingerprint": "a9dc16a7",
            "location": "europe-west8",
            "logging_config": [
              {
                "enable_components": [
                  "SYSTEM_COMPONENTS",
                  "WORKLOADS"
                ]
              }
            ],
            "logging_service": "logging.googleapis.com/kubernetes",
            "maintenance_policy": [],
            "master_auth": [
              {
                "client_certificate": "",
                "client_certificate_config": [
                  {
                    "issue_client_certificate": false
                  }
                ],
                "client_key": "",
                "cluster_ca_certificate": "LS0tLS1CRUdJTiBDRVJUSUZJQ0FURS0tLS0tCk1JSUVMVENDQXBXZ0F3SUJBZ0lSQU9ia1ROQjFmSjdRUkN1VlkyVTYyZGt3RFFZSktvWklodmNOQVFFTEJRQXcKTHpFdE1Dc0dBMVVFQXhNa056Vm1NRGsxT0dZdE9UVXhNUzAwWkRabUxUazBZemd0TXpGbE1XUXdNbUZoTURRMApNQ0FYRFRJek1EUXlOVEExTVRjeU9Wb1lEekl3TlRNd05ERTNNRFl4TnpJNVdqQXZNUzB3S3dZRFZRUURFeVEzCk5XWXdPVFU0WmkwNU5URXhMVFJrTm1ZdE9UUmpPQzB6TVdVeFpEQXlZV0V3TkRRd2dnR2lNQTBHQ1NxR1NJYjMKRFFFQkFRVUFBNElCandBd2dnR0tBb0lCZ1FDeEdldC9nQlFZOVdzWkJqQjBEYk9vRTk2REtoVTBrYmJpdmt2QQpONGNtVk5RcFlrVGJKcjVLV0ZkbC9HK1ZuUEVwUXFhNFdBKyt2NHhOdllyaldvVkRlWmVTYVlGUEZSUXRTWnpSClNVZCtmUnJaWHptSmYvNHc5MitleUh6YzFidHhLakVMelU1ZzNqMmU5Wmd4MkFVTGdoTTlwSzNPaGFxRFp4NjEKTWppSUhrMHRjY2g0TzVEYjdrby91Z2RtbGs4bVZ0VnNLb3BqbzRUejM5cjBPSHFsZ04wSDl4MEV0ZmF3VkphQgpJNFRidlFqdHArNnR0WXVWa2JBa3BobDh2OXNpTnJkcjlPSVZzN1pic2s2Vk1qYjFyNFh0cXplbzRXbkFtTDVSClZzYy9qSmdnMXI5UmhwczNQcUNaR05qWTRzQm8wTHJOZ3pmSThITk42NHNNOUM0cG1MZ0Q4eGNRUzljaFc1K3kKUnZ2cmplc3hjYU5WMU0ydkxMTlpGQnFjbjFoVzBncTdNNlNOeXI3RjhCUlpNNEZNbWhWdGpDOVphTFkwUm00bwpJeVVpQnVwVUw5bFd6b1cyWGNRNzNEMWVHckVwZjlEZHpLbmdxR0V0YWZqeVM4TG1LUENpTjdrcjErazhGWFVHCi95LzBlc1NFaHlSVzh3UmpqV0VBeXF1akUzc0NBd0VBQWFOQ01FQXdEZ1lEVlIwUEFRSC9CQVFEQWdJRU1BOEcKQTFVZEV3RUIvd1FGTUFNQkFmOHdIUVlEVlIwT0JCWUVGQ1BjazB6a2VFUkF0SEpXYVNOZi96U3FvS0tETUEwRwpDU3FHU0liM0RRRUJDd1VBQTRJQmdRQ21HTmxCZk9rZ24wR1hudUt4TTVmSW9qeXZPMFdma1NVSS9jMHByRlF6CmFQdDlNS2JiUGNULzI5VURrVUgyUWdUMy8wT2szRjEwc1ZBT2hzUlJBeEtCelU4Qkcyb1lac1RGR1Y0Tk40d0EKNHlWS01aQmFWUEFDSUhONVJLU05xTWI3MDRHV0lESTBFWWNmWXh1K3djRWwyekNPMWloTUJQR2doTmZLbFRPRApEQTU1bkpJek9ES1BHU1NhSHJEbmhmWVdGSlBRbzJwemVyM202NGVhTU15MVV4OGhtWklDV3lsTUFydmhFelg0CnIySEJHSEtjdnR1K3JtSEJCakJTMHAzaTVmVnN2M2NOeE5HWGhFZTVVTStaMHkwTXBtMGxESHBsTUJEbnJ1cXgKV3RvbE93WHZmVW9OWE5nZlJtcEh0MlZrNEpiT3k2bGZGNSs1N1hFSEx1ME9Ka1YveVZOMkV6KzYyYUVBRGJDMwowdmx4THFkWm1oUGFWSmpWK2ZVdWtlRWU3WnBneUQrcnltKzNYVk5PbnVFb1k0VzIybkI2bHVYRDNUVFVUMGZRCit6ei94Snh0c21LT0FwK2pyNFFvZ29tM1RhVExJYy8rNmMvSnhjUmNjaUhtaS9nK05WdStXa1o0Vm4reGlVSTAKa3hud0czbGw1VXB5THdsUnVkNGovSGs9Ci0tLS0tRU5EIENFUlRJRklDQVRFLS0tLS0K"
              }
            ],
            "master_authorized_networks_config": [],
            "master_version": "1.24.10-gke.2300",
            "mesh_certificates": [],
            "min_master_version": null,
            "monitoring_config": [
              {
                "enable_components": [
                  "SYSTEM_COMPONENTS"
                ],
                "managed_prometheus": []
              }
            ],
            "monitoring_service": "monitoring.googleapis.com/kubernetes",
            "name": "primary",
            "network": "projects/lively-shelter-294615/global/networks/k8s-main",
            "network_policy": [
              {
                "enabled": false,
                "provider": "PROVIDER_UNSPECIFIED"
              }
            ],
            "networking_mode": "VPC_NATIVE",
            "node_config": [
              {
                "boot_disk_kms_key": "",
                "disk_size_gb": 100,
                "disk_type": "pd-balanced",
                "gcfs_config": [],
                "guest_accelerator": [],
                "gvnic": [],
                "image_type": "COS_CONTAINERD",
                "kubelet_config": [],
                "labels": {
                  "team": "devops"
                },
                "linux_node_config": [],
                "local_ssd_count": 0,
                "logging_variant": "DEFAULT",
                "machine_type": "e2-small",
                "metadata": {
                  "disable-legacy-endpoints": "true"
                },
                "min_cpu_platform": "",
                "node_group": "",
                "oauth_scopes": [
                  "https://www.googleapis.com/auth/cloud-platform"
                ],
                "preemptible": true,
                "reservation_affinity": [],
                "resource_labels": {},
                "service_account": "kubernetes@lively-shelter-294615.iam.gserviceaccount.com",
                "shielded_instance_config": [
                  {
                    "enable_integrity_monitoring": true,
                    "enable_secure_boot": false
                  }
                ],
                "spot": false,
                "tags": [],
                "taint": [
                  {
                    "effect": "NO_SCHEDULE",
                    "key": "instance_type",
                    "value": "spot"
                  }
                ],
                "workload_metadata_config": [
                  {
                    "mode": "GKE_METADATA"
                  }
                ]
              }
            ],
            "node_locations": [
              "europe-west8-a",
              "europe-west8-b",
              "europe-west8-c"
            ],
            "node_pool": [
              {
                "autoscaling": [
                  {
                    "location_policy": "ANY",
                    "max_node_count": 10,
                    "min_node_count": 0,
                    "total_max_node_count": 0,
                    "total_min_node_count": 0
                  }
                ],
                "initial_node_count": 0,
                "instance_group_urls": [
                  "https://www.googleapis.com/compute/v1/projects/lively-shelter-294615/zones/europe-west8-a/instanceGroupManagers/gke-primary-spot-86fbbe50-grp",
                  "https://www.googleapis.com/compute/v1/projects/lively-shelter-294615/zones/europe-west8-c/instanceGroupManagers/gke-primary-spot-9c8279cd-grp",
                  "https://www.googleapis.com/compute/v1/projects/lively-shelter-294615/zones/europe-west8-b/instanceGroupManagers/gke-primary-spot-6cd2b7de-grp"
                ],
                "managed_instance_group_urls": [
                  "https://www.googleapis.com/compute/v1/projects/lively-shelter-294615/zones/europe-west8-a/instanceGroups/gke-primary-spot-86fbbe50-grp",
                  "https://www.googleapis.com/compute/v1/projects/lively-shelter-294615/zones/europe-west8-c/instanceGroups/gke-primary-spot-9c8279cd-grp",
                  "https://www.googleapis.com/compute/v1/projects/lively-shelter-294615/zones/europe-west8-b/instanceGroups/gke-primary-spot-6cd2b7de-grp"
                ],
                "management": [
                  {
                    "auto_repair": true,
                    "auto_upgrade": true
                  }
                ],
                "max_pods_per_node": 110,
                "name": "spot",
                "name_prefix": "",
                "network_config": [
                  {
                    "create_pod_range": false,
                    "enable_private_nodes": false,
                    "pod_ipv4_cidr_block": "10.48.0.0/14",
                    "pod_range": "k8s-pod-range"
                  }
                ],
                "node_config": [
                  {
                    "boot_disk_kms_key": "",
                    "disk_size_gb": 100,
                    "disk_type": "pd-balanced",
                    "gcfs_config": [],
                    "guest_accelerator": [],
                    "gvnic": [],
                    "image_type": "COS_CONTAINERD",
                    "kubelet_config": [],
                    "labels": {
                      "team": "devops"
                    },
                    "linux_node_config": [],
                    "local_ssd_count": 0,
                    "logging_variant": "DEFAULT",
                    "machine_type": "e2-small",
                    "metadata": {
                      "disable-legacy-endpoints": "true"
                    },
                    "min_cpu_platform": "",
                    "node_group": "",
                    "oauth_scopes": [
                      "https://www.googleapis.com/auth/cloud-platform"
                    ],
                    "preemptible": true,
                    "reservation_affinity": [],
                    "resource_labels": {},
                    "service_account": "kubernetes@lively-shelter-294615.iam.gserviceaccount.com",
                    "shielded_instance_config": [
                      {
                        "enable_integrity_monitoring": true,
                        "enable_secure_boot": false
                      }
                    ],
                    "spot": false,
                    "tags": [],
                    "taint": [
                      {
                        "effect": "NO_SCHEDULE",
                        "key": "instance_type",
                        "value": "spot"
                      }
                    ],
                    "workload_metadata_config": [
                      {
                        "mode": "GKE_METADATA"
                      }
                    ]
                  }
                ],
                "node_count": 0,
                "node_locations": [
                  "europe-west8-a",
                  "europe-west8-b",
                  "europe-west8-c"
                ],
                "placement_policy": [],
                "upgrade_settings": [
                  {
                    "blue_green_settings": [],
                    "max_surge": 1,
                    "max_unavailable": 0,
                    "strategy": "SURGE"
                  }
                ],
                "version": "1.24.10-gke.2300"
              },
              {
                "autoscaling": [],
                "initial_node_count": 1,
                "instance_group_urls": [
                  "https://www.googleapis.com/compute/v1/projects/lively-shelter-294615/zones/europe-west8-a/instanceGroupManagers/gke-primary-general-f33b5bd7-grp",
                  "https://www.googleapis.com/compute/v1/projects/lively-shelter-294615/zones/europe-west8-c/instanceGroupManagers/gke-primary-general-3170d050-grp",
                  "https://www.googleapis.com/compute/v1/projects/lively-shelter-294615/zones/europe-west8-b/instanceGroupManagers/gke-primary-general-89757885-grp"
                ],
                "managed_instance_group_urls": [
                  "https://www.googleapis.com/compute/v1/projects/lively-shelter-294615/zones/europe-west8-a/instanceGroups/gke-primary-general-f33b5bd7-grp",
                  "https://www.googleapis.com/compute/v1/projects/lively-shelter-294615/zones/europe-west8-c/instanceGroups/gke-primary-general-3170d050-grp",
                  "https://www.googleapis.com/compute/v1/projects/lively-shelter-294615/zones/europe-west8-b/instanceGroups/gke-primary-general-89757885-grp"
                ],
                "management": [
                  {
                    "auto_repair": true,
                    "auto_upgrade": true
                  }
                ],
                "max_pods_per_node": 110,
                "name": "general",
                "name_prefix": "",
                "network_config": [
                  {
                    "create_pod_range": false,
                    "enable_private_nodes": false,
                    "pod_ipv4_cidr_block": "10.48.0.0/14",
                    "pod_range": "k8s-pod-range"
                  }
                ],
                "node_config": [
                  {
                    "boot_disk_kms_key": "",
                    "disk_size_gb": 100,
                    "disk_type": "pd-balanced",
                    "gcfs_config": [],
                    "guest_accelerator": [],
                    "gvnic": [],
                    "image_type": "COS_CONTAINERD",
                    "kubelet_config": [],
                    "labels": {
                      "role": "general"
                    },
                    "linux_node_config": [],
                    "local_ssd_count": 0,
                    "logging_variant": "DEFAULT",
                    "machine_type": "e2-small",
                    "metadata": {
                      "disable-legacy-endpoints": "true"
                    },
                    "min_cpu_platform": "",
                    "node_group": "",
                    "oauth_scopes": [
                      "https://www.googleapis.com/auth/cloud-platform"
                    ],
                    "preemptible": false,
                    "reservation_affinity": [],
                    "resource_labels": {},
                    "service_account": "kubernetes@lively-shelter-294615.iam.gserviceaccount.com",
                    "shielded_instance_config": [
                      {
                        "enable_integrity_monitoring": true,
                        "enable_secure_boot": false
                      }
                    ],
                    "spot": false,
                    "tags": [],
                    "taint": [],
                    "workload_metadata_config": [
                      {
                        "mode": "GKE_METADATA"
                      }
                    ]
                  }
                ],
                "node_count": 1,
                "node_locations": [
                  "europe-west8-a",
                  "europe-west8-b",
                  "europe-west8-c"
                ],
                "placement_policy": [],
                "upgrade_settings": [
                  {
                    "blue_green_settings": [],
                    "max_surge": 1,
                    "max_unavailable": 0,
                    "strategy": "SURGE"
                  }
                ],
                "version": "1.24.10-gke.2300"
              }
            ],
            "node_pool_defaults": [
              {
                "node_config_defaults": [
                  {
                    "logging_variant": "DEFAULT"
                  }
                ]
              }
            ],
            "node_version": "1.24.10-gke.2300",
            "notification_config": [
              {
                "pubsub": [
                  {
                    "enabled": false,
                    "filter": [],
                    "topic": ""
                  }
                ]
              }
            ],
            "operation": null,
            "private_cluster_config": [
              {
                "enable_private_endpoint": false,
                "enable_private_nodes": true,
                "master_global_access_config": [
                  {
                    "enabled": false
                  }
                ],
                "master_ipv4_cidr_block": "172.16.0.0/28",
                "peering_name": "gke-n265e1df87ff472e5955-05d9-dd4b-peer",
                "private_endpoint": "172.16.0.2",
                "private_endpoint_subnetwork": "",
                "public_endpoint": "34.154.158.17"
              }
            ],
            "private_ipv6_google_access": "",
            "project": "lively-shelter-294615",
            "release_channel": [
              {
                "channel": "REGULAR"
              }
            ],
            "remove_default_node_pool": true,
            "resource_labels": {},
            "resource_usage_export_config": [],
            "self_link": "https://container.googleapis.com/v1/projects/lively-shelter-294615/locations/europe-west8/clusters/primary",
            "service_external_ips_config": [
              {
                "enabled": false
              }
            ],
            "services_ipv4_cidr": "10.52.0.0/20",
            "subnetwork": "projects/lively-shelter-294615/regions/europe-west8/subnetworks/private",
            "timeouts": null,
            "tpu_ipv4_cidr_block": "",
            "vertical_pod_autoscaling": [],
            "workload_identity_config": [
              {
                "workload_pool": "lively-shelter-294615.svc.id.goog"
              }
            ]
          },
          "sensitive_attributes": [],
          "private": "eyJlMmJmYjczMC1lY2FhLTExZTYtOGY4OC0zNDM2M2JjN2M0YzAiOnsiY3JlYXRlIjoyNDAwMDAwMDAwMDAwLCJkZWxldGUiOjI0MDAwMDAwMDAwMDAsInJlYWQiOjI0MDAwMDAwMDAwMDAsInVwZGF0ZSI6MzYwMDAwMDAwMDAwMH0sInNjaGVtYV92ZXJzaW9uIjoiMSJ9",
          "dependencies": [
            "google_compute_network.k8s-main",
            "google_compute_subnetwork.private",
            "google_project_service.compute",
            "google_project_service.container"
          ]
        }
      ]
    },
    {
      "mode": "managed",
      "type": "google_container_node_pool",
      "name": "spot",
      "provider": "provider[\"registry.terraform.io/hashicorp/google\"]",
      "instances": [
        {
          "schema_version": 1,
          "attributes": {
            "autoscaling": [
              {
                "location_policy": "ANY",
                "max_node_count": 10,
                "min_node_count": 0,
                "total_max_node_count": 0,
                "total_min_node_count": 0
              }
            ],
            "cluster": "projects/lively-shelter-294615/locations/europe-west8/clusters/primary",
            "id": "projects/lively-shelter-294615/locations/europe-west8/clusters/primary/nodePools/spot",
            "initial_node_count": 0,
            "instance_group_urls": [
              "https://www.googleapis.com/compute/v1/projects/lively-shelter-294615/zones/europe-west8-a/instanceGroupManagers/gke-primary-spot-86fbbe50-grp",
              "https://www.googleapis.com/compute/v1/projects/lively-shelter-294615/zones/europe-west8-c/instanceGroupManagers/gke-primary-spot-9c8279cd-grp",
              "https://www.googleapis.com/compute/v1/projects/lively-shelter-294615/zones/europe-west8-b/instanceGroupManagers/gke-primary-spot-6cd2b7de-grp"
            ],
            "location": "europe-west8",
            "managed_instance_group_urls": [
              "https://www.googleapis.com/compute/v1/projects/lively-shelter-294615/zones/europe-west8-a/instanceGroups/gke-primary-spot-86fbbe50-grp",
              "https://www.googleapis.com/compute/v1/projects/lively-shelter-294615/zones/europe-west8-c/instanceGroups/gke-primary-spot-9c8279cd-grp",
              "https://www.googleapis.com/compute/v1/projects/lively-shelter-294615/zones/europe-west8-b/instanceGroups/gke-primary-spot-6cd2b7de-grp"
            ],
            "management": [
              {
                "auto_repair": true,
                "auto_upgrade": true
              }
            ],
            "max_pods_per_node": 110,
            "name": "spot",
            "name_prefix": "",
            "network_config": [
              {
                "create_pod_range": false,
                "enable_private_nodes": false,
                "pod_ipv4_cidr_block": "10.48.0.0/14",
                "pod_range": "k8s-pod-range"
              }
            ],
            "node_config": [
              {
                "boot_disk_kms_key": "",
                "disk_size_gb": 100,
                "disk_type": "pd-balanced",
                "gcfs_config": [],
                "guest_accelerator": [],
                "gvnic": [],
                "image_type": "COS_CONTAINERD",
                "kubelet_config": [],
                "labels": {
                  "team": "devops"
                },
                "linux_node_config": [],
                "local_ssd_count": 0,
                "logging_variant": "DEFAULT",
                "machine_type": "e2-small",
                "metadata": {
                  "disable-legacy-endpoints": "true"
                },
                "min_cpu_platform": "",
                "node_group": "",
                "oauth_scopes": [
                  "https://www.googleapis.com/auth/cloud-platform"
                ],
                "preemptible": true,
                "reservation_affinity": [],
                "resource_labels": {},
                "service_account": "kubernetes@lively-shelter-294615.iam.gserviceaccount.com",
                "shielded_instance_config": [
                  {
                    "enable_integrity_monitoring": true,
                    "enable_secure_boot": false
                  }
                ],
                "spot": false,
                "tags": [],
                "taint": [
                  {
                    "effect": "NO_SCHEDULE",
                    "key": "instance_type",
                    "value": "spot"
                  }
                ],
                "workload_metadata_config": [
                  {
                    "mode": "GKE_METADATA"
                  }
                ]
              }
            ],
            "node_count": 0,
            "node_locations": [
              "europe-west8-a",
              "europe-west8-b",
              "europe-west8-c"
            ],
            "operation": null,
            "placement_policy": [],
            "project": "lively-shelter-294615",
            "timeouts": null,
            "upgrade_settings": [
              {
                "blue_green_settings": [],
                "max_surge": 1,
                "max_unavailable": 0,
                "strategy": "SURGE"
              }
            ],
            "version": "1.24.10-gke.2300"
          },
          "sensitive_attributes": [],
          "private": "eyJlMmJmYjczMC1lY2FhLTExZTYtOGY4OC0zNDM2M2JjN2M0YzAiOnsiY3JlYXRlIjoxODAwMDAwMDAwMDAwLCJkZWxldGUiOjE4MDAwMDAwMDAwMDAsInVwZGF0ZSI6MTgwMDAwMDAwMDAwMH0sInNjaGVtYV92ZXJzaW9uIjoiMSJ9",
          "dependencies": [
            "google_compute_network.k8s-main",
            "google_compute_subnetwork.private",
            "google_container_cluster.primary",
            "google_project_service.compute",
            "google_project_service.container",
            "google_service_account.kubernetes"
          ]
        }
      ]
    },
    {
      "mode": "managed",
      "type": "google_project_service",
      "name": "compute",
      "provider": "provider[\"registry.terraform.io/hashicorp/google\"]",
      "instances": [
        {
          "schema_version": 0,
          "attributes": {
            "disable_dependent_services": null,
            "disable_on_destroy": true,
            "id": "lively-shelter-294615/compute.googleapis.com",
            "project": "lively-shelter-294615",
            "service": "compute.googleapis.com",
            "timeouts": null
          },
          "sensitive_attributes": [],
          "private": "eyJlMmJmYjczMC1lY2FhLTExZTYtOGY4OC0zNDM2M2JjN2M0YzAiOnsiY3JlYXRlIjoxMjAwMDAwMDAwMDAwLCJkZWxldGUiOjEyMDAwMDAwMDAwMDAsInJlYWQiOjYwMDAwMDAwMDAwMCwidXBkYXRlIjoxMjAwMDAwMDAwMDAwfX0="
        }
      ]
    },
    {
      "mode": "managed",
      "type": "google_project_service",
      "name": "container",
      "provider": "provider[\"registry.terraform.io/hashicorp/google\"]",
      "instances": [
        {
          "schema_version": 0,
          "attributes": {
            "disable_dependent_services": null,
            "disable_on_destroy": true,
            "id": "lively-shelter-294615/container.googleapis.com",
            "project": "lively-shelter-294615",
            "service": "container.googleapis.com",
            "timeouts": null
          },
          "sensitive_attributes": [],
          "private": "eyJlMmJmYjczMC1lY2FhLTExZTYtOGY4OC0zNDM2M2JjN2M0YzAiOnsiY3JlYXRlIjoxMjAwMDAwMDAwMDAwLCJkZWxldGUiOjEyMDAwMDAwMDAwMDAsInJlYWQiOjYwMDAwMDAwMDAwMCwidXBkYXRlIjoxMjAwMDAwMDAwMDAwfX0="
        }
      ]
    },
    {
      "mode": "managed",
      "type": "google_service_account",
      "name": "kubernetes",
      "provider": "provider[\"registry.terraform.io/hashicorp/google\"]",
      "instances": [
        {
          "schema_version": 0,
          "attributes": {
            "account_id": "kubernetes",
            "description": "",
            "disabled": false,
            "display_name": "",
            "email": "kubernetes@lively-shelter-294615.iam.gserviceaccount.com",
            "id": "projects/lively-shelter-294615/serviceAccounts/kubernetes@lively-shelter-294615.iam.gserviceaccount.com",
            "member": "serviceAccount:kubernetes@lively-shelter-294615.iam.gserviceaccount.com",
            "name": "projects/lively-shelter-294615/serviceAccounts/kubernetes@lively-shelter-294615.iam.gserviceaccount.com",
            "project": "lively-shelter-294615",
            "timeouts": null,
            "unique_id": "103404417080400280087"
          },
          "sensitive_attributes": [],
          "private": "eyJlMmJmYjczMC1lY2FhLTExZTYtOGY4OC0zNDM2M2JjN2M0YzAiOnsiY3JlYXRlIjozMDAwMDAwMDAwMDB9fQ=="
        }
      ]
    }
  ],
  "check_results": null
}
